PODS:
  - SwipeCardCarousel (0.0.1)

DEPENDENCIES:
  - SwipeCardCarousel (from `../`)

EXTERNAL SOURCES:
  SwipeCardCarousel:
    :path: "../"

SPEC CHECKSUMS:
  SwipeCardCarousel: 3f96db7ce84b3898eed0d2fd1e58a3b61351a774

PODFILE CHECKSUM: b12d35715af5cbf4b1e822bf80dee80fd9c63e2d

COCOAPODS: 1.0.1
