PODS:
  - SwipeCardCarousel (0.0.35)

DEPENDENCIES:
  - SwipeCardCarousel (from `../`)

EXTERNAL SOURCES:
  SwipeCardCarousel:
    :path: "../"

SPEC CHECKSUMS:
  SwipeCardCarousel: 5fedf43e44213b2d6f594e94e919478dabb08953

PODFILE CHECKSUM: 16b0f6ec918fde3266eedc94b6af7b4493fe0660

COCOAPODS: 1.1.0.rc.2
